// !$*UTF8*$!
{
	archiveVersion = 1;
	classes = {
	};
	objectVersion = 46;
	objects = {

/* Begin PBXBuildFile section */
		3419CCD11F13F6F600203E14 /* Creation.storyboard in Resources */ = {isa = PBXBuildFile; fileRef = 3419CCD01F13F6F600203E14 /* Creation.storyboard */; };
		3419CCD41F15080D00203E14 /* ValidationError.swift in Sources */ = {isa = PBXBuildFile; fileRef = 3419CCD31F15080D00203E14 /* ValidationError.swift */; };
		34D1F4851F24EE85000F3198 /* TextFieldView.swift in Sources */ = {isa = PBXBuildFile; fileRef = 34D1F4841F24EE85000F3198 /* TextFieldView.swift */; };
		34D1F4871F24EF4C000F3198 /* TextFieldView.xib in Resources */ = {isa = PBXBuildFile; fileRef = 34D1F4861F24EF4C000F3198 /* TextFieldView.xib */; };
		34D1F48A1F253134000F3198 /* DateFormatter_Extension.swift in Sources */ = {isa = PBXBuildFile; fileRef = 34D1F4891F253134000F3198 /* DateFormatter_Extension.swift */; };
		34D1F48C1F253142000F3198 /* UIStackView_Extension.swift in Sources */ = {isa = PBXBuildFile; fileRef = 34D1F48B1F253142000F3198 /* UIStackView_Extension.swift */; };
		34D1F48E1F253427000F3198 /* CreationViewController.swift in Sources */ = {isa = PBXBuildFile; fileRef = 34D1F48D1F253427000F3198 /* CreationViewController.swift */; };
		34D1F4921F253EB1000F3198 /* Edition.storyboard in Resources */ = {isa = PBXBuildFile; fileRef = 34D1F4911F253EB1000F3198 /* Edition.storyboard */; };
		34D1F4941F253EBE000F3198 /* EditionPresenter.swift in Sources */ = {isa = PBXBuildFile; fileRef = 34D1F4931F253EBE000F3198 /* EditionPresenter.swift */; };
		34D1F4961F253EC9000F3198 /* EditionViewController.swift in Sources */ = {isa = PBXBuildFile; fileRef = 34D1F4951F253EC9000F3198 /* EditionViewController.swift */; };
		34D1F4981F253ED3000F3198 /* EditionView.swift in Sources */ = {isa = PBXBuildFile; fileRef = 34D1F4971F253ED3000F3198 /* EditionView.swift */; };
		34D1F49B1F26488B000F3198 /* ColorTheme.swift in Sources */ = {isa = PBXBuildFile; fileRef = 34D1F49A1F26488B000F3198 /* ColorTheme.swift */; };
		34D1F4A31F27BDEC000F3198 /* ListingTableViewCell.swift in Sources */ = {isa = PBXBuildFile; fileRef = 34D1F4A21F27BDEC000F3198 /* ListingTableViewCell.swift */; };
		34E7A02F1EF46548004EEDA8 /* AppDelegate.swift in Sources */ = {isa = PBXBuildFile; fileRef = 34E7A02E1EF46548004EEDA8 /* AppDelegate.swift */; };
		34E7A0411EF46A5E004EEDA8 /* GoogleService-Info.plist in Resources */ = {isa = PBXBuildFile; fileRef = 34E7A0401EF46A5E004EEDA8 /* GoogleService-Info.plist */; };
		34E7A04B1EF4725F004EEDA8 /* Assets.xcassets in Resources */ = {isa = PBXBuildFile; fileRef = 34E7A0431EF4725F004EEDA8 /* Assets.xcassets */; };
		34E7A04C1EF4725F004EEDA8 /* LaunchScreen.storyboard in Resources */ = {isa = PBXBuildFile; fileRef = 34E7A0451EF4725F004EEDA8 /* LaunchScreen.storyboard */; };
		34E7A04D1EF4725F004EEDA8 /* Main.storyboard in Resources */ = {isa = PBXBuildFile; fileRef = 34E7A0471EF4725F004EEDA8 /* Main.storyboard */; };
		34E7A0501EF473DB004EEDA8 /* ListingPresenter.swift in Sources */ = {isa = PBXBuildFile; fileRef = 34E7A04F1EF473DB004EEDA8 /* ListingPresenter.swift */; };
		34E7A0521EF473E4004EEDA8 /* ListingView.swift in Sources */ = {isa = PBXBuildFile; fileRef = 34E7A0511EF473E4004EEDA8 /* ListingView.swift */; };
		34E7A0591EF474D1004EEDA8 /* Note.swift in Sources */ = {isa = PBXBuildFile; fileRef = 34E7A0581EF474D1004EEDA8 /* Note.swift */; };
		34E7A05B1EF47B05004EEDA8 /* ListingViewController.swift in Sources */ = {isa = PBXBuildFile; fileRef = 34E7A05A1EF47B05004EEDA8 /* ListingViewController.swift */; };
		34E7A0611EF47B6F004EEDA8 /* Details.storyboard in Resources */ = {isa = PBXBuildFile; fileRef = 34E7A05D1EF47B6F004EEDA8 /* Details.storyboard */; };
		34E7A0621EF47B6F004EEDA8 /* DetailsPresenter.swift in Sources */ = {isa = PBXBuildFile; fileRef = 34E7A05E1EF47B6F004EEDA8 /* DetailsPresenter.swift */; };
		34E7A0631EF47B6F004EEDA8 /* DetailsView.swift in Sources */ = {isa = PBXBuildFile; fileRef = 34E7A05F1EF47B6F004EEDA8 /* DetailsView.swift */; };
		34E7A0641EF47B6F004EEDA8 /* DetailsViewController.swift in Sources */ = {isa = PBXBuildFile; fileRef = 34E7A0601EF47B6F004EEDA8 /* DetailsViewController.swift */; };
		34E7A06B1EF48755004EEDA8 /* CreationPresenter.swift in Sources */ = {isa = PBXBuildFile; fileRef = 34E7A06A1EF48755004EEDA8 /* CreationPresenter.swift */; };
		34E7A06D1EF48761004EEDA8 /* CreationView.swift in Sources */ = {isa = PBXBuildFile; fileRef = 34E7A06C1EF48761004EEDA8 /* CreationView.swift */; };
		4B0208012675C70AF884D93B /* Pods_Scratchpad.framework in Frameworks */ = {isa = PBXBuildFile; fileRef = 6C4111CEAC649619716B94AF /* Pods_Scratchpad.framework */; };
/* End PBXBuildFile section */

/* Begin PBXFileReference section */
		3419CCD01F13F6F600203E14 /* Creation.storyboard */ = {isa = PBXFileReference; fileEncoding = 4; lastKnownFileType = file.storyboard; path = Creation.storyboard; sourceTree = "<group>"; };
		3419CCD31F15080D00203E14 /* ValidationError.swift */ = {isa = PBXFileReference; fileEncoding = 4; lastKnownFileType = sourcecode.swift; path = ValidationError.swift; sourceTree = "<group>"; };
		34D1F4841F24EE85000F3198 /* TextFieldView.swift */ = {isa = PBXFileReference; fileEncoding = 4; lastKnownFileType = sourcecode.swift; path = TextFieldView.swift; sourceTree = "<group>"; };
		34D1F4861F24EF4C000F3198 /* TextFieldView.xib */ = {isa = PBXFileReference; fileEncoding = 4; lastKnownFileType = file.xib; path = TextFieldView.xib; sourceTree = "<group>"; };
		34D1F4891F253134000F3198 /* DateFormatter_Extension.swift */ = {isa = PBXFileReference; fileEncoding = 4; lastKnownFileType = sourcecode.swift; path = DateFormatter_Extension.swift; sourceTree = "<group>"; };
		34D1F48B1F253142000F3198 /* UIStackView_Extension.swift */ = {isa = PBXFileReference; fileEncoding = 4; lastKnownFileType = sourcecode.swift; path = UIStackView_Extension.swift; sourceTree = "<group>"; };
		34D1F48D1F253427000F3198 /* CreationViewController.swift */ = {isa = PBXFileReference; fileEncoding = 4; lastKnownFileType = sourcecode.swift; path = CreationViewController.swift; sourceTree = "<group>"; };
		34D1F4911F253EB1000F3198 /* Edition.storyboard */ = {isa = PBXFileReference; fileEncoding = 4; lastKnownFileType = file.storyboard; path = Edition.storyboard; sourceTree = "<group>"; };
		34D1F4931F253EBE000F3198 /* EditionPresenter.swift */ = {isa = PBXFileReference; fileEncoding = 4; lastKnownFileType = sourcecode.swift; path = EditionPresenter.swift; sourceTree = "<group>"; };
		34D1F4951F253EC9000F3198 /* EditionViewController.swift */ = {isa = PBXFileReference; fileEncoding = 4; lastKnownFileType = sourcecode.swift; path = EditionViewController.swift; sourceTree = "<group>"; };
		34D1F4971F253ED3000F3198 /* EditionView.swift */ = {isa = PBXFileReference; fileEncoding = 4; lastKnownFileType = sourcecode.swift; path = EditionView.swift; sourceTree = "<group>"; };
		34D1F49A1F26488B000F3198 /* ColorTheme.swift */ = {isa = PBXFileReference; fileEncoding = 4; lastKnownFileType = sourcecode.swift; path = ColorTheme.swift; sourceTree = "<group>"; };
		34D1F4A21F27BDEC000F3198 /* ListingTableViewCell.swift */ = {isa = PBXFileReference; fileEncoding = 4; lastKnownFileType = sourcecode.swift; path = ListingTableViewCell.swift; sourceTree = "<group>"; };
		34E7A02B1EF46548004EEDA8 /* Scratchpad.app */ = {isa = PBXFileReference; explicitFileType = wrapper.application; includeInIndex = 0; path = Scratchpad.app; sourceTree = BUILT_PRODUCTS_DIR; };
		34E7A02E1EF46548004EEDA8 /* AppDelegate.swift */ = {isa = PBXFileReference; lastKnownFileType = sourcecode.swift; path = AppDelegate.swift; sourceTree = "<group>"; };
		34E7A03A1EF46548004EEDA8 /* Info.plist */ = {isa = PBXFileReference; lastKnownFileType = text.plist.xml; path = Info.plist; sourceTree = "<group>"; };
		34E7A0401EF46A5E004EEDA8 /* GoogleService-Info.plist */ = {isa = PBXFileReference; fileEncoding = 4; lastKnownFileType = text.plist.xml; path = "GoogleService-Info.plist"; sourceTree = "<group>"; };
		34E7A0431EF4725F004EEDA8 /* Assets.xcassets */ = {isa = PBXFileReference; lastKnownFileType = folder.assetcatalog; path = Assets.xcassets; sourceTree = "<group>"; };
		34E7A0461EF4725F004EEDA8 /* Base */ = {isa = PBXFileReference; lastKnownFileType = file.storyboard; name = Base; path = Base.lproj/LaunchScreen.storyboard; sourceTree = "<group>"; };
		34E7A0481EF4725F004EEDA8 /* Base */ = {isa = PBXFileReference; lastKnownFileType = file.storyboard; name = Base; path = Base.lproj/Main.storyboard; sourceTree = "<group>"; };
		34E7A04F1EF473DB004EEDA8 /* ListingPresenter.swift */ = {isa = PBXFileReference; fileEncoding = 4; lastKnownFileType = sourcecode.swift; path = ListingPresenter.swift; sourceTree = "<group>"; };
		34E7A0511EF473E4004EEDA8 /* ListingView.swift */ = {isa = PBXFileReference; fileEncoding = 4; lastKnownFileType = sourcecode.swift; path = ListingView.swift; sourceTree = "<group>"; };
		34E7A0581EF474D1004EEDA8 /* Note.swift */ = {isa = PBXFileReference; fileEncoding = 4; lastKnownFileType = sourcecode.swift; path = Note.swift; sourceTree = "<group>"; };
		34E7A05A1EF47B05004EEDA8 /* ListingViewController.swift */ = {isa = PBXFileReference; fileEncoding = 4; lastKnownFileType = sourcecode.swift; path = ListingViewController.swift; sourceTree = "<group>"; };
		34E7A05D1EF47B6F004EEDA8 /* Details.storyboard */ = {isa = PBXFileReference; fileEncoding = 4; lastKnownFileType = file.storyboard; path = Details.storyboard; sourceTree = "<group>"; };
		34E7A05E1EF47B6F004EEDA8 /* DetailsPresenter.swift */ = {isa = PBXFileReference; fileEncoding = 4; lastKnownFileType = sourcecode.swift; path = DetailsPresenter.swift; sourceTree = "<group>"; };
		34E7A05F1EF47B6F004EEDA8 /* DetailsView.swift */ = {isa = PBXFileReference; fileEncoding = 4; lastKnownFileType = sourcecode.swift; path = DetailsView.swift; sourceTree = "<group>"; };
		34E7A0601EF47B6F004EEDA8 /* DetailsViewController.swift */ = {isa = PBXFileReference; fileEncoding = 4; lastKnownFileType = sourcecode.swift; path = DetailsViewController.swift; sourceTree = "<group>"; };
		34E7A06A1EF48755004EEDA8 /* CreationPresenter.swift */ = {isa = PBXFileReference; fileEncoding = 4; lastKnownFileType = sourcecode.swift; path = CreationPresenter.swift; sourceTree = "<group>"; };
		34E7A06C1EF48761004EEDA8 /* CreationView.swift */ = {isa = PBXFileReference; fileEncoding = 4; lastKnownFileType = sourcecode.swift; path = CreationView.swift; sourceTree = "<group>"; };
		609853B7468DC2D81B0FF691 /* Pods-Scratchpad.release.xcconfig */ = {isa = PBXFileReference; includeInIndex = 1; lastKnownFileType = text.xcconfig; name = "Pods-Scratchpad.release.xcconfig"; path = "Pods/Target Support Files/Pods-Scratchpad/Pods-Scratchpad.release.xcconfig"; sourceTree = "<group>"; };
		6C4111CEAC649619716B94AF /* Pods_Scratchpad.framework */ = {isa = PBXFileReference; explicitFileType = wrapper.framework; includeInIndex = 0; path = Pods_Scratchpad.framework; sourceTree = BUILT_PRODUCTS_DIR; };
		85E072E039390EFBEE3670C3 /* Pods-Scratchpad.debug.xcconfig */ = {isa = PBXFileReference; includeInIndex = 1; lastKnownFileType = text.xcconfig; name = "Pods-Scratchpad.debug.xcconfig"; path = "Pods/Target Support Files/Pods-Scratchpad/Pods-Scratchpad.debug.xcconfig"; sourceTree = "<group>"; };
/* End PBXFileReference section */

/* Begin PBXFrameworksBuildPhase section */
		34E7A0281EF46548004EEDA8 /* Frameworks */ = {
			isa = PBXFrameworksBuildPhase;
			buildActionMask = 2147483647;
			files = (
				4B0208012675C70AF884D93B /* Pods_Scratchpad.framework in Frameworks */,
			);
			runOnlyForDeploymentPostprocessing = 0;
		};
/* End PBXFrameworksBuildPhase section */

/* Begin PBXGroup section */
		3039B0D28DED39470474397E /* Frameworks */ = {
			isa = PBXGroup;
			children = (
				6C4111CEAC649619716B94AF /* Pods_Scratchpad.framework */,
			);
			name = Frameworks;
			sourceTree = "<group>";
		};
		3419CCD21F1507F700203E14 /* Validation */ = {
			isa = PBXGroup;
			children = (
				3419CCD31F15080D00203E14 /* ValidationError.swift */,
			);
			path = Validation;
			sourceTree = "<group>";
		};
		3433120D1F13DFEB001D110D /* UI */ = {
			isa = PBXGroup;
			children = (
				34D1F4A21F27BDEC000F3198 /* ListingTableViewCell.swift */,
				34D1F4841F24EE85000F3198 /* TextFieldView.swift */,
				34D1F4861F24EF4C000F3198 /* TextFieldView.xib */,
			);
			path = UI;
			sourceTree = "<group>";
		};
		34D1F4881F253125000F3198 /* Extensions */ = {
			isa = PBXGroup;
			children = (
				34D1F4891F253134000F3198 /* DateFormatter_Extension.swift */,
				34D1F48B1F253142000F3198 /* UIStackView_Extension.swift */,
			);
			path = Extensions;
			sourceTree = "<group>";
		};
		34D1F4901F253EA4000F3198 /* Edition */ = {
			isa = PBXGroup;
			children = (
				34D1F4911F253EB1000F3198 /* Edition.storyboard */,
				34D1F4931F253EBE000F3198 /* EditionPresenter.swift */,
				34D1F4971F253ED3000F3198 /* EditionView.swift */,
				34D1F4951F253EC9000F3198 /* EditionViewController.swift */,
			);
			path = Edition;
			sourceTree = "<group>";
		};
		34D1F4991F264872000F3198 /* Theme */ = {
			isa = PBXGroup;
			children = (
				34D1F49A1F26488B000F3198 /* ColorTheme.swift */,
			);
			path = Theme;
			sourceTree = "<group>";
		};
		34E7A0221EF46548004EEDA8 = {
			isa = PBXGroup;
			children = (
				34E7A02D1EF46548004EEDA8 /* Scratchpad */,
				34E7A02C1EF46548004EEDA8 /* Products */,
				4C11018F08E2B1D6C1808AB2 /* Pods */,
				3039B0D28DED39470474397E /* Frameworks */,
			);
			sourceTree = "<group>";
		};
		34E7A02C1EF46548004EEDA8 /* Products */ = {
			isa = PBXGroup;
			children = (
				34E7A02B1EF46548004EEDA8 /* Scratchpad.app */,
			);
			name = Products;
			sourceTree = "<group>";
		};
		34E7A02D1EF46548004EEDA8 /* Scratchpad */ = {
			isa = PBXGroup;
			children = (
				34E7A02E1EF46548004EEDA8 /* AppDelegate.swift */,
				34E7A0401EF46A5E004EEDA8 /* GoogleService-Info.plist */,
				34E7A03A1EF46548004EEDA8 /* Info.plist */,
				34E7A0571EF474C4004EEDA8 /* Models */,
				34E7A0421EF4725F004EEDA8 /* Resource */,
				34E7A0441EF4725F004EEDA8 /* Scenes */,
				3433120D1F13DFEB001D110D /* UI */,
				34E7A0541EF47482004EEDA8 /* Utils */,
			);
			path = Scratchpad;
			sourceTree = "<group>";
		};
		34E7A0421EF4725F004EEDA8 /* Resource */ = {
			isa = PBXGroup;
			children = (
				34E7A0431EF4725F004EEDA8 /* Assets.xcassets */,
			);
			path = Resource;
			sourceTree = "<group>";
		};
		34E7A0441EF4725F004EEDA8 /* Scenes */ = {
			isa = PBXGroup;
			children = (
				34E7A0651EF48693004EEDA8 /* Creation */,
				34D1F4901F253EA4000F3198 /* Edition */,
				34E7A05C1EF47B24004EEDA8 /* Details */,
				34E7A0451EF4725F004EEDA8 /* LaunchScreen.storyboard */,
				34E7A0491EF4725F004EEDA8 /* Listing */,
			);
			path = Scenes;
			sourceTree = "<group>";
		};
		34E7A0491EF4725F004EEDA8 /* Listing */ = {
			isa = PBXGroup;
			children = (
				34E7A04F1EF473DB004EEDA8 /* ListingPresenter.swift */,
				34E7A0511EF473E4004EEDA8 /* ListingView.swift */,
				34E7A05A1EF47B05004EEDA8 /* ListingViewController.swift */,
				34E7A0471EF4725F004EEDA8 /* Main.storyboard */,
			);
			path = Listing;
			sourceTree = "<group>";
		};
		34E7A0541EF47482004EEDA8 /* Utils */ = {
			isa = PBXGroup;
			children = (
				34D1F4881F253125000F3198 /* Extensions */,
				34D1F4991F264872000F3198 /* Theme */,
				3419CCD21F1507F700203E14 /* Validation */,
			);
			path = Utils;
			sourceTree = "<group>";
		};
		34E7A0571EF474C4004EEDA8 /* Models */ = {
			isa = PBXGroup;
			children = (
				34E7A0581EF474D1004EEDA8 /* Note.swift */,
			);
			path = Models;
			sourceTree = "<group>";
		};
		34E7A05C1EF47B24004EEDA8 /* Details */ = {
			isa = PBXGroup;
			children = (
				34E7A05D1EF47B6F004EEDA8 /* Details.storyboard */,
				34E7A05E1EF47B6F004EEDA8 /* DetailsPresenter.swift */,
				34E7A05F1EF47B6F004EEDA8 /* DetailsView.swift */,
				34E7A0601EF47B6F004EEDA8 /* DetailsViewController.swift */,
			);
			path = Details;
			sourceTree = "<group>";
		};
		34E7A0651EF48693004EEDA8 /* Creation */ = {
			isa = PBXGroup;
			children = (
				3419CCD01F13F6F600203E14 /* Creation.storyboard */,
				34E7A06A1EF48755004EEDA8 /* CreationPresenter.swift */,
				34E7A06C1EF48761004EEDA8 /* CreationView.swift */,
				34D1F48D1F253427000F3198 /* CreationViewController.swift */,
			);
			path = Creation;
			sourceTree = "<group>";
		};
		4C11018F08E2B1D6C1808AB2 /* Pods */ = {
			isa = PBXGroup;
			children = (
				85E072E039390EFBEE3670C3 /* Pods-Scratchpad.debug.xcconfig */,
				609853B7468DC2D81B0FF691 /* Pods-Scratchpad.release.xcconfig */,
			);
			name = Pods;
			sourceTree = "<group>";
		};
/* End PBXGroup section */

/* Begin PBXNativeTarget section */
		34E7A02A1EF46548004EEDA8 /* Scratchpad */ = {
			isa = PBXNativeTarget;
			buildConfigurationList = 34E7A03D1EF46548004EEDA8 /* Build configuration list for PBXNativeTarget "Scratchpad" */;
			buildPhases = (
				86E58E137FD85A4B2D13C047 /* [CP] Check Pods Manifest.lock */,
				34E7A0271EF46548004EEDA8 /* Sources */,
				34E7A0281EF46548004EEDA8 /* Frameworks */,
				34E7A0291EF46548004EEDA8 /* Resources */,
				22295BBA59390E1E8BAE2547 /* [CP] Embed Pods Frameworks */,
				08A7E1AB37315CEF2DE14800 /* [CP] Copy Pods Resources */,
			);
			buildRules = (
			);
			dependencies = (
			);
			name = Scratchpad;
			productName = Scratchpad;
			productReference = 34E7A02B1EF46548004EEDA8 /* Scratchpad.app */;
			productType = "com.apple.product-type.application";
		};
/* End PBXNativeTarget section */

/* Begin PBXProject section */
		34E7A0231EF46548004EEDA8 /* Project object */ = {
			isa = PBXProject;
			attributes = {
				LastSwiftUpdateCheck = 0830;
				LastUpgradeCheck = 0830;
				ORGANIZATIONNAME = "Marc-Antoine Malépart";
				TargetAttributes = {
					34E7A02A1EF46548004EEDA8 = {
						CreatedOnToolsVersion = 8.3.3;
						DevelopmentTeam = 3Z8ZTK4J9U;
						ProvisioningStyle = Automatic;
					};
				};
			};
			buildConfigurationList = 34E7A0261EF46548004EEDA8 /* Build configuration list for PBXProject "Scratchpad" */;
			compatibilityVersion = "Xcode 3.2";
			developmentRegion = English;
			hasScannedForEncodings = 0;
			knownRegions = (
				en,
				Base,
			);
			mainGroup = 34E7A0221EF46548004EEDA8;
			productRefGroup = 34E7A02C1EF46548004EEDA8 /* Products */;
			projectDirPath = "";
			projectRoot = "";
			targets = (
				34E7A02A1EF46548004EEDA8 /* Scratchpad */,
			);
		};
/* End PBXProject section */

/* Begin PBXResourcesBuildPhase section */
		34E7A0291EF46548004EEDA8 /* Resources */ = {
			isa = PBXResourcesBuildPhase;
			buildActionMask = 2147483647;
			files = (
				34E7A0611EF47B6F004EEDA8 /* Details.storyboard in Resources */,
				34E7A04C1EF4725F004EEDA8 /* LaunchScreen.storyboard in Resources */,
				34E7A04B1EF4725F004EEDA8 /* Assets.xcassets in Resources */,
				3419CCD11F13F6F600203E14 /* Creation.storyboard in Resources */,
				34E7A0411EF46A5E004EEDA8 /* GoogleService-Info.plist in Resources */,
				34D1F4921F253EB1000F3198 /* Edition.storyboard in Resources */,
				34E7A04D1EF4725F004EEDA8 /* Main.storyboard in Resources */,
				34D1F4871F24EF4C000F3198 /* TextFieldView.xib in Resources */,
			);
			runOnlyForDeploymentPostprocessing = 0;
		};
/* End PBXResourcesBuildPhase section */

/* Begin PBXShellScriptBuildPhase section */
		08A7E1AB37315CEF2DE14800 /* [CP] Copy Pods Resources */ = {
			isa = PBXShellScriptBuildPhase;
			buildActionMask = 2147483647;
			files = (
			);
			inputPaths = (
			);
			name = "[CP] Copy Pods Resources";
			outputPaths = (
			);
			runOnlyForDeploymentPostprocessing = 0;
			shellPath = /bin/sh;
			shellScript = "\"${SRCROOT}/Pods/Target Support Files/Pods-Scratchpad/Pods-Scratchpad-resources.sh\"\n";
			showEnvVarsInLog = 0;
		};
		22295BBA59390E1E8BAE2547 /* [CP] Embed Pods Frameworks */ = {
			isa = PBXShellScriptBuildPhase;
			buildActionMask = 2147483647;
			files = (
			);
			inputPaths = (
			);
			name = "[CP] Embed Pods Frameworks";
			outputPaths = (
			);
			runOnlyForDeploymentPostprocessing = 0;
			shellPath = /bin/sh;
			shellScript = "\"${SRCROOT}/Pods/Target Support Files/Pods-Scratchpad/Pods-Scratchpad-frameworks.sh\"\n";
			showEnvVarsInLog = 0;
		};
		86E58E137FD85A4B2D13C047 /* [CP] Check Pods Manifest.lock */ = {
			isa = PBXShellScriptBuildPhase;
			buildActionMask = 2147483647;
			files = (
			);
			inputPaths = (
			);
			name = "[CP] Check Pods Manifest.lock";
			outputPaths = (
			);
			runOnlyForDeploymentPostprocessing = 0;
			shellPath = /bin/sh;
			shellScript = "diff \"${PODS_PODFILE_DIR_PATH}/Podfile.lock\" \"${PODS_ROOT}/Manifest.lock\" > /dev/null\nif [ $? != 0 ] ; then\n    # print error to STDERR\n    echo \"error: The sandbox is not in sync with the Podfile.lock. Run 'pod install' or update your CocoaPods installation.\" >&2\n    exit 1\nfi\n";
			showEnvVarsInLog = 0;
		};
/* End PBXShellScriptBuildPhase section */

/* Begin PBXSourcesBuildPhase section */
		34E7A0271EF46548004EEDA8 /* Sources */ = {
			isa = PBXSourcesBuildPhase;
			buildActionMask = 2147483647;
			files = (
				34E7A0521EF473E4004EEDA8 /* ListingView.swift in Sources */,
				34D1F48C1F253142000F3198 /* UIStackView_Extension.swift in Sources */,
				34E7A0641EF47B6F004EEDA8 /* DetailsViewController.swift in Sources */,
				34E7A02F1EF46548004EEDA8 /* AppDelegate.swift in Sources */,
				34E7A0621EF47B6F004EEDA8 /* DetailsPresenter.swift in Sources */,
				34D1F4981F253ED3000F3198 /* EditionView.swift in Sources */,
				34D1F4A31F27BDEC000F3198 /* ListingTableViewCell.swift in Sources */,
				34D1F49B1F26488B000F3198 /* ColorTheme.swift in Sources */,
				34D1F4941F253EBE000F3198 /* EditionPresenter.swift in Sources */,
				34E7A06D1EF48761004EEDA8 /* CreationView.swift in Sources */,
				34E7A05B1EF47B05004EEDA8 /* ListingViewController.swift in Sources */,
				3419CCD41F15080D00203E14 /* ValidationError.swift in Sources */,
				34E7A0631EF47B6F004EEDA8 /* DetailsView.swift in Sources */,
				34E7A0501EF473DB004EEDA8 /* ListingPresenter.swift in Sources */,
				34D1F4851F24EE85000F3198 /* TextFieldView.swift in Sources */,
				34D1F48E1F253427000F3198 /* CreationViewController.swift in Sources */,
				34D1F48A1F253134000F3198 /* DateFormatter_Extension.swift in Sources */,
				34E7A0591EF474D1004EEDA8 /* Note.swift in Sources */,
				34D1F4961F253EC9000F3198 /* EditionViewController.swift in Sources */,
				34E7A06B1EF48755004EEDA8 /* CreationPresenter.swift in Sources */,
			);
			runOnlyForDeploymentPostprocessing = 0;
		};
/* End PBXSourcesBuildPhase section */

/* Begin PBXVariantGroup section */
		34E7A0451EF4725F004EEDA8 /* LaunchScreen.storyboard */ = {
			isa = PBXVariantGroup;
			children = (
				34E7A0461EF4725F004EEDA8 /* Base */,
			);
			name = LaunchScreen.storyboard;
			sourceTree = "<group>";
		};
		34E7A0471EF4725F004EEDA8 /* Main.storyboard */ = {
			isa = PBXVariantGroup;
			children = (
				34E7A0481EF4725F004EEDA8 /* Base */,
			);
			name = Main.storyboard;
			path = ..;
			sourceTree = "<group>";
		};
/* End PBXVariantGroup section */

/* Begin XCBuildConfiguration section */
		34E7A03B1EF46548004EEDA8 /* Debug */ = {
			isa = XCBuildConfiguration;
			buildSettings = {
				ALWAYS_SEARCH_USER_PATHS = NO;
				CLANG_ANALYZER_NONNULL = YES;
				CLANG_ANALYZER_NUMBER_OBJECT_CONVERSION = YES_AGGRESSIVE;
				CLANG_CXX_LANGUAGE_STANDARD = "gnu++0x";
				CLANG_CXX_LIBRARY = "libc++";
				CLANG_ENABLE_MODULES = YES;
				CLANG_ENABLE_OBJC_ARC = YES;
				CLANG_WARN_BOOL_CONVERSION = YES;
				CLANG_WARN_CONSTANT_CONVERSION = YES;
				CLANG_WARN_DIRECT_OBJC_ISA_USAGE = YES_ERROR;
				CLANG_WARN_DOCUMENTATION_COMMENTS = YES;
				CLANG_WARN_EMPTY_BODY = YES;
				CLANG_WARN_ENUM_CONVERSION = YES;
				CLANG_WARN_INFINITE_RECURSION = YES;
				CLANG_WARN_INT_CONVERSION = YES;
				CLANG_WARN_OBJC_ROOT_CLASS = YES_ERROR;
				CLANG_WARN_SUSPICIOUS_MOVE = YES;
				CLANG_WARN_UNREACHABLE_CODE = YES;
				CLANG_WARN__DUPLICATE_METHOD_MATCH = YES;
				"CODE_SIGN_IDENTITY[sdk=iphoneos*]" = "iPhone Developer";
				COPY_PHASE_STRIP = NO;
				DEBUG_INFORMATION_FORMAT = dwarf;
				ENABLE_STRICT_OBJC_MSGSEND = YES;
				ENABLE_TESTABILITY = YES;
				GCC_C_LANGUAGE_STANDARD = gnu99;
				GCC_DYNAMIC_NO_PIC = NO;
				GCC_NO_COMMON_BLOCKS = YES;
				GCC_OPTIMIZATION_LEVEL = 0;
				GCC_PREPROCESSOR_DEFINITIONS = (
					"DEBUG=1",
					"$(inherited)",
				);
				GCC_WARN_64_TO_32_BIT_CONVERSION = YES;
				GCC_WARN_ABOUT_RETURN_TYPE = YES_ERROR;
				GCC_WARN_UNDECLARED_SELECTOR = YES;
				GCC_WARN_UNINITIALIZED_AUTOS = YES_AGGRESSIVE;
				GCC_WARN_UNUSED_FUNCTION = YES;
				GCC_WARN_UNUSED_VARIABLE = YES;
				IPHONEOS_DEPLOYMENT_TARGET = 10.3;
				MTL_ENABLE_DEBUG_INFO = YES;
				ONLY_ACTIVE_ARCH = YES;
				SDKROOT = iphoneos;
				SWIFT_ACTIVE_COMPILATION_CONDITIONS = DEBUG;
				SWIFT_OPTIMIZATION_LEVEL = "-Onone";
			};
			name = Debug;
		};
		34E7A03C1EF46548004EEDA8 /* Release */ = {
			isa = XCBuildConfiguration;
			buildSettings = {
				ALWAYS_SEARCH_USER_PATHS = NO;
				CLANG_ANALYZER_NONNULL = YES;
				CLANG_ANALYZER_NUMBER_OBJECT_CONVERSION = YES_AGGRESSIVE;
				CLANG_CXX_LANGUAGE_STANDARD = "gnu++0x";
				CLANG_CXX_LIBRARY = "libc++";
				CLANG_ENABLE_MODULES = YES;
				CLANG_ENABLE_OBJC_ARC = YES;
				CLANG_WARN_BOOL_CONVERSION = YES;
				CLANG_WARN_CONSTANT_CONVERSION = YES;
				CLANG_WARN_DIRECT_OBJC_ISA_USAGE = YES_ERROR;
				CLANG_WARN_DOCUMENTATION_COMMENTS = YES;
				CLANG_WARN_EMPTY_BODY = YES;
				CLANG_WARN_ENUM_CONVERSION = YES;
				CLANG_WARN_INFINITE_RECURSION = YES;
				CLANG_WARN_INT_CONVERSION = YES;
				CLANG_WARN_OBJC_ROOT_CLASS = YES_ERROR;
				CLANG_WARN_SUSPICIOUS_MOVE = YES;
				CLANG_WARN_UNREACHABLE_CODE = YES;
				CLANG_WARN__DUPLICATE_METHOD_MATCH = YES;
				"CODE_SIGN_IDENTITY[sdk=iphoneos*]" = "iPhone Developer";
				COPY_PHASE_STRIP = NO;
				DEBUG_INFORMATION_FORMAT = "dwarf-with-dsym";
				ENABLE_NS_ASSERTIONS = NO;
				ENABLE_STRICT_OBJC_MSGSEND = YES;
				GCC_C_LANGUAGE_STANDARD = gnu99;
				GCC_NO_COMMON_BLOCKS = YES;
				GCC_WARN_64_TO_32_BIT_CONVERSION = YES;
				GCC_WARN_ABOUT_RETURN_TYPE = YES_ERROR;
				GCC_WARN_UNDECLARED_SELECTOR = YES;
				GCC_WARN_UNINITIALIZED_AUTOS = YES_AGGRESSIVE;
				GCC_WARN_UNUSED_FUNCTION = YES;
				GCC_WARN_UNUSED_VARIABLE = YES;
				IPHONEOS_DEPLOYMENT_TARGET = 10.3;
				MTL_ENABLE_DEBUG_INFO = NO;
				SDKROOT = iphoneos;
				SWIFT_OPTIMIZATION_LEVEL = "-Owholemodule";
				VALIDATE_PRODUCT = YES;
			};
			name = Release;
		};
		34E7A03E1EF46548004EEDA8 /* Debug */ = {
			isa = XCBuildConfiguration;
			baseConfigurationReference = 85E072E039390EFBEE3670C3 /* Pods-Scratchpad.debug.xcconfig */;
			buildSettings = {
				ASSETCATALOG_COMPILER_APPICON_NAME = AppIcon;
				DEVELOPMENT_TEAM = 3Z8ZTK4J9U;
				INFOPLIST_FILE = Scratchpad/Info.plist;
				LD_RUNPATH_SEARCH_PATHS = "$(inherited) @executable_path/Frameworks";
				PRODUCT_BUNDLE_IDENTIFIER = mamalepart.Scratchpad;
				PRODUCT_NAME = "$(TARGET_NAME)";
				SWIFT_VERSION = 3.0;
			};
			name = Debug;
		};
		34E7A03F1EF46548004EEDA8 /* Release */ = {
			isa = XCBuildConfiguration;
			baseConfigurationReference = 609853B7468DC2D81B0FF691 /* Pods-Scratchpad.release.xcconfig */;
			buildSettings = {
				ASSETCATALOG_COMPILER_APPICON_NAME = AppIcon;
				DEVELOPMENT_TEAM = 3Z8ZTK4J9U;
				INFOPLIST_FILE = Scratchpad/Info.plist;
				LD_RUNPATH_SEARCH_PATHS = "$(inherited) @executable_path/Frameworks";
				PRODUCT_BUNDLE_IDENTIFIER = mamalepart.Scratchpad;
				PRODUCT_NAME = "$(TARGET_NAME)";
				SWIFT_VERSION = 3.0;
			};
			name = Release;
		};
/* End XCBuildConfiguration section */

/* Begin XCConfigurationList section */
		34E7A0261EF46548004EEDA8 /* Build configuration list for PBXProject "Scratchpad" */ = {
			isa = XCConfigurationList;
			buildConfigurations = (
				34E7A03B1EF46548004EEDA8 /* Debug */,
				34E7A03C1EF46548004EEDA8 /* Release */,
			);
			defaultConfigurationIsVisible = 0;
			defaultConfigurationName = Release;
		};
		34E7A03D1EF46548004EEDA8 /* Build configuration list for PBXNativeTarget "Scratchpad" */ = {
			isa = XCConfigurationList;
			buildConfigurations = (
				34E7A03E1EF46548004EEDA8 /* Debug */,
				34E7A03F1EF46548004EEDA8 /* Release */,
			);
			defaultConfigurationIsVisible = 0;
			defaultConfigurationName = Release;
		};
/* End XCConfigurationList section */
	};
	rootObject = 34E7A0231EF46548004EEDA8 /* Project object */;
}
